
Microsoft Visual Studio Solution File, Format Version 12.00
# Visual Studio Version 16
VisualStudioVersion = 16.0.29201.188
MinimumVisualStudioVersion = 10.0.40219.1
Project("{FAE04EC0-301F-11D3-BF4B-00C04F79EFBC}") = "BooksDemo", "BooksDemo\BooksDemo.csproj", "{AD2F5921-39F1-4116-8D0C-49ABC0FC545B}"
EndProject
Project("{9A19103F-16F7-4668-BE54-9A1E7A4F7556}") = "BookDataSource", "BookDataSource\BookDataSource.csproj", "{D1426BCF-8ABC-413A-B026-3D2DACF04FE5}"
EndProject
Project("{FAE04EC0-301F-11D3-BF4B-00C04F79EFBC}") = "BooksWebApi", "BooksWebApi\BooksWebApi.csproj", "{A3E2BF2F-9F59-421C-957C-B62410B3B60C}"
EndProject
Global
	GlobalSection(SolutionConfigurationPlatforms) = preSolution
		Debug|Any CPU = Debug|Any CPU
		Release|Any CPU = Release|Any CPU
	EndGlobalSection
	GlobalSection(ProjectConfigurationPlatforms) = postSolution
		{AD2F5921-39F1-4116-8D0C-49ABC0FC545B}.Debug|Any CPU.ActiveCfg = Debug|Any CPU
		{AD2F5921-39F1-4116-8D0C-49ABC0FC545B}.Debug|Any CPU.Build.0 = Debug|Any CPU
		{AD2F5921-39F1-4116-8D0C-49ABC0FC545B}.Release|Any CPU.ActiveCfg = Release|Any CPU
		{AD2F5921-39F1-4116-8D0C-49ABC0FC545B}.Release|Any CPU.Build.0 = Release|Any CPU
		{D1426BCF-8ABC-413A-B026-3D2DACF04FE5}.Debug|Any CPU.ActiveCfg = Debug|Any CPU
		{D1426BCF-8ABC-413A-B026-3D2DACF04FE5}.Debug|Any CPU.Build.0 = Debug|Any CPU
		{D1426BCF-8ABC-413A-B026-3D2DACF04FE5}.Release|Any CPU.ActiveCfg = Release|Any CPU
		{D1426BCF-8ABC-413A-B026-3D2DACF04FE5}.Release|Any CPU.Build.0 = Release|Any CPU
		{A3E2BF2F-9F59-421C-957C-B62410B3B60C}.Debug|Any CPU.ActiveCfg = Debug|Any CPU
		{A3E2BF2F-9F59-421C-957C-B62410B3B60C}.Debug|Any CPU.Build.0 = Debug|Any CPU
		{A3E2BF2F-9F59-421C-957C-B62410B3B60C}.Release|Any CPU.ActiveCfg = Release|Any CPU
		{A3E2BF2F-9F59-421C-957C-B62410B3B60C}.Release|Any CPU.Build.0 = Release|Any CPU
	EndGlobalSection
	GlobalSection(SolutionProperties) = preSolution
		HideSolutionNode = FALSE
	EndGlobalSection
	GlobalSection(ExtensibilityGlobals) = postSolution
		SolutionGuid = {19838834-7DEE-46EB-938B-F530E5B907D6}
	EndGlobalSection
EndGlobal
